
Microsoft Visual Studio Solution File, Format Version 12.00
# Visual Studio Version 17
VisualStudioVersion = 17.4.33110.190
MinimumVisualStudioVersion = 10.0.40219.1
Project("{FAE04EC0-301F-11D3-BF4B-00C04F79EFBC}") = "FeedBuffApplicatie", "FeedBuffApplicatie\FeedBuffApplicatie.csproj", "{66452C37-32C4-4764-8713-0EFDCA06C368}"
EndProject
Global
	GlobalSection(SolutionConfigurationPlatforms) = preSolution
		Debug|Any CPU = Debug|Any CPU
		Release|Any CPU = Release|Any CPU
	EndGlobalSection
	GlobalSection(ProjectConfigurationPlatforms) = postSolution
		{66452C37-32C4-4764-8713-0EFDCA06C368}.Debug|Any CPU.ActiveCfg = Debug|Any CPU
		{66452C37-32C4-4764-8713-0EFDCA06C368}.Debug|Any CPU.Build.0 = Debug|Any CPU
		{66452C37-32C4-4764-8713-0EFDCA06C368}.Release|Any CPU.ActiveCfg = Release|Any CPU
		{66452C37-32C4-4764-8713-0EFDCA06C368}.Release|Any CPU.Build.0 = Release|Any CPU
	EndGlobalSection
	GlobalSection(SolutionProperties) = preSolution
		HideSolutionNode = FALSE
	EndGlobalSection
	GlobalSection(ExtensibilityGlobals) = postSolution
		SolutionGuid = {EFCCAE06-97F8-45F8-8AB0-3C27A6BB537F}
	EndGlobalSection
EndGlobal
